{
  "name": "guessmynumber",
  "version": "1.0.0",
  "lockfileVersion": 2,
  "requires": true,
  "packages": {
    "": {
      "name": "guessmynumber",
      "version": "1.0.0",
      "license": "ISC",
      "dependencies": {
        "core-js": "^3.20.1",
        "regenerator-runtime": "^0.13.9"
      }
    },
    "node_modules/core-js": {
      "version": "3.20.1",
      "resolved": "https://registry.npmjs.org/core-js/-/core-js-3.20.1.tgz",
      "integrity": "sha512-btdpStYFQScnNVQ5slVcr858KP0YWYjV16eGJQw8Gg7CWtu/2qNvIM3qVRIR3n1pK2R9NNOrTevbvAYxajwEjg==",
      "hasInstallScript": true,
      "funding": {
        "type": "opencollective",
        "url": "https://opencollective.com/core-js"
      }
    },
    "node_modules/regenerator-runtime": {
      "version": "0.13.9",
      "resolved": "https://registry.npmjs.org/regenerator-runtime/-/regenerator-runtime-0.13.9.tgz",
      "integrity": "sha512-p3VT+cOEgxFsRRA9X4lkI1E+k2/CtnKtU4gcxyaCUreilL/vqI6CdZ3wxVUx3UOUg+gnUOQQcRI7BmSI656MYA=="
    }
  },
  "dependencies": {
    "core-js": {
      "version": "3.20.1",
      "resolved": "https://registry.npmjs.org/core-js/-/core-js-3.20.1.tgz",
      "integrity": "sha512-btdpStYFQScnNVQ5slVcr858KP0YWYjV16eGJQw8Gg7CWtu/2qNvIM3qVRIR3n1pK2R9NNOrTevbvAYxajwEjg=="
    },
    "regenerator-runtime": {
      "version": "0.13.9",
      "resolved": "https://registry.npmjs.org/regenerator-runtime/-/regenerator-runtime-0.13.9.tgz",
      "integrity": "sha512-p3VT+cOEgxFsRRA9X4lkI1E+k2/CtnKtU4gcxyaCUreilL/vqI6CdZ3wxVUx3UOUg+gnUOQQcRI7BmSI656MYA=="
    }
  }
}
